
Microsoft Visual Studio Solution File, Format Version 12.00
# Visual Studio Version 16
VisualStudioVersion = 16.0.29709.97
MinimumVisualStudioVersion = 10.0.40219.1
Project("{FAE04EC0-301F-11D3-BF4B-00C04F79EFBC}") = "BookStop", "BookStop\BookStop.csproj", "{B437F7DF-F430-4A31-8249-FEDBD8ACC835}"
EndProject
Global
	GlobalSection(SolutionConfigurationPlatforms) = preSolution
		Debug|Any CPU = Debug|Any CPU
		Release|Any CPU = Release|Any CPU
	EndGlobalSection
	GlobalSection(ProjectConfigurationPlatforms) = postSolution
		{B437F7DF-F430-4A31-8249-FEDBD8ACC835}.Debug|Any CPU.ActiveCfg = Debug|Any CPU
		{B437F7DF-F430-4A31-8249-FEDBD8ACC835}.Debug|Any CPU.Build.0 = Debug|Any CPU
		{B437F7DF-F430-4A31-8249-FEDBD8ACC835}.Release|Any CPU.ActiveCfg = Release|Any CPU
		{B437F7DF-F430-4A31-8249-FEDBD8ACC835}.Release|Any CPU.Build.0 = Release|Any CPU
	EndGlobalSection
	GlobalSection(SolutionProperties) = preSolution
		HideSolutionNode = FALSE
	EndGlobalSection
	GlobalSection(ExtensibilityGlobals) = postSolution
		SolutionGuid = {85229EA3-18AE-40A0-927A-FCB2E3C2E780}
	EndGlobalSection
EndGlobal
